// !$*UTF8*$!
{
	archiveVersion = 1;
	classes = {
	};
	objectVersion = 55;
	objects = {

/* Begin PBXBuildFile section */
		244ACDC82713629C008FD9A8 /* AppDelegate.swift in Sources */ = {isa = PBXBuildFile; fileRef = 244ACDC72713629C008FD9A8 /* AppDelegate.swift */; };
		244ACDCA2713629C008FD9A8 /* SceneDelegate.swift in Sources */ = {isa = PBXBuildFile; fileRef = 244ACDC92713629C008FD9A8 /* SceneDelegate.swift */; };
		244ACDCC2713629C008FD9A8 /* ViewController.swift in Sources */ = {isa = PBXBuildFile; fileRef = 244ACDCB2713629C008FD9A8 /* ViewController.swift */; };
		244ACDCF2713629C008FD9A8 /* Main.storyboard in Resources */ = {isa = PBXBuildFile; fileRef = 244ACDCD2713629C008FD9A8 /* Main.storyboard */; };
		244ACDD12713629D008FD9A8 /* Assets.xcassets in Resources */ = {isa = PBXBuildFile; fileRef = 244ACDD02713629D008FD9A8 /* Assets.xcassets */; };
		244ACDD42713629D008FD9A8 /* LaunchScreen.storyboard in Resources */ = {isa = PBXBuildFile; fileRef = 244ACDD22713629D008FD9A8 /* LaunchScreen.storyboard */; };
		244ACDE327136A0F008FD9A8 /* Alamofire in Frameworks */ = {isa = PBXBuildFile; productRef = 244ACDE227136A0F008FD9A8 /* Alamofire */; };
		26CAFD7CA6A9BDB2FDD891FF /* Pods_MeridianBuildFailure.framework in Frameworks */ = {isa = PBXBuildFile; fileRef = 7468F40A8FF4E01EC30A7AB6 /* Pods_MeridianBuildFailure.framework */; };
/* End PBXBuildFile section */

/* Begin PBXFileReference section */
		0774AE1D2A751F7653CED551 /* Pods-MeridianBuildFailure.release.xcconfig */ = {isa = PBXFileReference; includeInIndex = 1; lastKnownFileType = text.xcconfig; name = "Pods-MeridianBuildFailure.release.xcconfig"; path = "Target Support Files/Pods-MeridianBuildFailure/Pods-MeridianBuildFailure.release.xcconfig"; sourceTree = "<group>"; };
		244ACDC42713629C008FD9A8 /* MeridianBuildFailure.app */ = {isa = PBXFileReference; explicitFileType = wrapper.application; includeInIndex = 0; path = MeridianBuildFailure.app; sourceTree = BUILT_PRODUCTS_DIR; };
		244ACDC72713629C008FD9A8 /* AppDelegate.swift */ = {isa = PBXFileReference; lastKnownFileType = sourcecode.swift; path = AppDelegate.swift; sourceTree = "<group>"; };
		244ACDC92713629C008FD9A8 /* SceneDelegate.swift */ = {isa = PBXFileReference; lastKnownFileType = sourcecode.swift; path = SceneDelegate.swift; sourceTree = "<group>"; };
		244ACDCB2713629C008FD9A8 /* ViewController.swift */ = {isa = PBXFileReference; lastKnownFileType = sourcecode.swift; path = ViewController.swift; sourceTree = "<group>"; };
		244ACDCE2713629C008FD9A8 /* Base */ = {isa = PBXFileReference; lastKnownFileType = file.storyboard; name = Base; path = Base.lproj/Main.storyboard; sourceTree = "<group>"; };
		244ACDD02713629D008FD9A8 /* Assets.xcassets */ = {isa = PBXFileReference; lastKnownFileType = folder.assetcatalog; path = Assets.xcassets; sourceTree = "<group>"; };
		244ACDD32713629D008FD9A8 /* Base */ = {isa = PBXFileReference; lastKnownFileType = file.storyboard; name = Base; path = Base.lproj/LaunchScreen.storyboard; sourceTree = "<group>"; };
		244ACDD52713629D008FD9A8 /* Info.plist */ = {isa = PBXFileReference; lastKnownFileType = text.plist.xml; path = Info.plist; sourceTree = "<group>"; };
		35852C6C612B71850D7132CD /* Pods-MeridianBuildFailure.debug.xcconfig */ = {isa = PBXFileReference; includeInIndex = 1; lastKnownFileType = text.xcconfig; name = "Pods-MeridianBuildFailure.debug.xcconfig"; path = "Target Support Files/Pods-MeridianBuildFailure/Pods-MeridianBuildFailure.debug.xcconfig"; sourceTree = "<group>"; };
		7468F40A8FF4E01EC30A7AB6 /* Pods_MeridianBuildFailure.framework */ = {isa = PBXFileReference; explicitFileType = wrapper.framework; includeInIndex = 0; path = Pods_MeridianBuildFailure.framework; sourceTree = BUILT_PRODUCTS_DIR; };
/* End PBXFileReference section */

/* Begin PBXFrameworksBuildPhase section */
		244ACDC12713629C008FD9A8 /* Frameworks */ = {
			isa = PBXFrameworksBuildPhase;
			buildActionMask = 2147483647;
			files = (
				26CAFD7CA6A9BDB2FDD891FF /* Pods_MeridianBuildFailure.framework in Frameworks */,
				244ACDE327136A0F008FD9A8 /* Alamofire in Frameworks */,
			);
			runOnlyForDeploymentPostprocessing = 0;
		};
/* End PBXFrameworksBuildPhase section */

/* Begin PBXGroup section */
		244ACDBB2713629C008FD9A8 = {
			isa = PBXGroup;
			children = (
				244ACDC62713629C008FD9A8 /* MeridianBuildFailure */,
				244ACDC52713629C008FD9A8 /* Products */,
				8315B7C296FB388ECAF2CF5A /* Pods */,
				3BA17E222BF95B8D993A800E /* Frameworks */,
			);
			sourceTree = "<group>";
		};
		244ACDC52713629C008FD9A8 /* Products */ = {
			isa = PBXGroup;
			children = (
				244ACDC42713629C008FD9A8 /* MeridianBuildFailure.app */,
			);
			name = Products;
			sourceTree = "<group>";
		};
		244ACDC62713629C008FD9A8 /* MeridianBuildFailure */ = {
			isa = PBXGroup;
			children = (
				244ACDC72713629C008FD9A8 /* AppDelegate.swift */,
				244ACDC92713629C008FD9A8 /* SceneDelegate.swift */,
				244ACDCB2713629C008FD9A8 /* ViewController.swift */,
				244ACDCD2713629C008FD9A8 /* Main.storyboard */,
				244ACDD02713629D008FD9A8 /* Assets.xcassets */,
				244ACDD22713629D008FD9A8 /* LaunchScreen.storyboard */,
				244ACDD52713629D008FD9A8 /* Info.plist */,
			);
			path = MeridianBuildFailure;
			sourceTree = "<group>";
		};
		3BA17E222BF95B8D993A800E /* Frameworks */ = {
			isa = PBXGroup;
			children = (
				7468F40A8FF4E01EC30A7AB6 /* Pods_MeridianBuildFailure.framework */,
			);
			name = Frameworks;
			sourceTree = "<group>";
		};
		8315B7C296FB388ECAF2CF5A /* Pods */ = {
			isa = PBXGroup;
			children = (
				35852C6C612B71850D7132CD /* Pods-MeridianBuildFailure.debug.xcconfig */,
				0774AE1D2A751F7653CED551 /* Pods-MeridianBuildFailure.release.xcconfig */,
			);
			path = Pods;
			sourceTree = "<group>";
		};
/* End PBXGroup section */

/* Begin PBXNativeTarget section */
		244ACDC32713629C008FD9A8 /* MeridianBuildFailure */ = {
			isa = PBXNativeTarget;
			buildConfigurationList = 244ACDD82713629D008FD9A8 /* Build configuration list for PBXNativeTarget "MeridianBuildFailure" */;
			buildPhases = (
				FEA4F2B968983FE2D715CFA9 /* [CP] Check Pods Manifest.lock */,
				244ACDC02713629C008FD9A8 /* Sources */,
				244ACDC12713629C008FD9A8 /* Frameworks */,
				244ACDC22713629C008FD9A8 /* Resources */,
				AF2B2100FF7F8FA2350FA582 /* [CP] Embed Pods Frameworks */,
			);
			buildRules = (
			);
			dependencies = (
			);
			name = MeridianBuildFailure;
			packageProductDependencies = (
				244ACDE227136A0F008FD9A8 /* Alamofire */,
			);
			productName = MeridianBuildFailure;
			productReference = 244ACDC42713629C008FD9A8 /* MeridianBuildFailure.app */;
			productType = "com.apple.product-type.application";
		};
/* End PBXNativeTarget section */

/* Begin PBXProject section */
		244ACDBC2713629C008FD9A8 /* Project object */ = {
			isa = PBXProject;
			attributes = {
				BuildIndependentTargetsInParallel = 1;
				LastSwiftUpdateCheck = 1300;
				LastUpgradeCheck = 1300;
				TargetAttributes = {
					244ACDC32713629C008FD9A8 = {
						CreatedOnToolsVersion = 13.0;
					};
				};
			};
			buildConfigurationList = 244ACDBF2713629C008FD9A8 /* Build configuration list for PBXProject "MeridianBuildFailure" */;
			compatibilityVersion = "Xcode 13.0";
			developmentRegion = en;
			hasScannedForEncodings = 0;
			knownRegions = (
				en,
				Base,
			);
			mainGroup = 244ACDBB2713629C008FD9A8;
			packageReferences = (
				244ACDE127136A0F008FD9A8 /* XCRemoteSwiftPackageReference "Alamofire" */,
			);
			productRefGroup = 244ACDC52713629C008FD9A8 /* Products */;
			projectDirPath = "";
			projectRoot = "";
			targets = (
				244ACDC32713629C008FD9A8 /* MeridianBuildFailure */,
			);
		};
/* End PBXProject section */

/* Begin PBXResourcesBuildPhase section */
		244ACDC22713629C008FD9A8 /* Resources */ = {
			isa = PBXResourcesBuildPhase;
			buildActionMask = 2147483647;
			files = (
				244ACDD42713629D008FD9A8 /* LaunchScreen.storyboard in Resources */,
				244ACDD12713629D008FD9A8 /* Assets.xcassets in Resources */,
				244ACDCF2713629C008FD9A8 /* Main.storyboard in Resources */,
			);
			runOnlyForDeploymentPostprocessing = 0;
		};
/* End PBXResourcesBuildPhase section */

/* Begin PBXShellScriptBuildPhase section */
		AF2B2100FF7F8FA2350FA582 /* [CP] Embed Pods Frameworks */ = {
			isa = PBXShellScriptBuildPhase;
			buildActionMask = 2147483647;
			files = (
			);
			inputFileListPaths = (
				"${PODS_ROOT}/Target Support Files/Pods-MeridianBuildFailure/Pods-MeridianBuildFailure-frameworks-${CONFIGURATION}-input-files.xcfilelist",
			);
			name = "[CP] Embed Pods Frameworks";
			outputFileListPaths = (
				"${PODS_ROOT}/Target Support Files/Pods-MeridianBuildFailure/Pods-MeridianBuildFailure-frameworks-${CONFIGURATION}-output-files.xcfilelist",
			);
			runOnlyForDeploymentPostprocessing = 0;
			shellPath = /bin/sh;
			shellScript = "\"${PODS_ROOT}/Target Support Files/Pods-MeridianBuildFailure/Pods-MeridianBuildFailure-frameworks.sh\"\n";
			showEnvVarsInLog = 0;
		};
		FEA4F2B968983FE2D715CFA9 /* [CP] Check Pods Manifest.lock */ = {
			isa = PBXShellScriptBuildPhase;
			buildActionMask = 2147483647;
			files = (
			);
			inputFileListPaths = (
			);
			inputPaths = (
				"${PODS_PODFILE_DIR_PATH}/Podfile.lock",
				"${PODS_ROOT}/Manifest.lock",
			);
			name = "[CP] Check Pods Manifest.lock";
			outputFileListPaths = (
			);
			outputPaths = (
				"$(DERIVED_FILE_DIR)/Pods-MeridianBuildFailure-checkManifestLockResult.txt",
			);
			runOnlyForDeploymentPostprocessing = 0;
			shellPath = /bin/sh;
			shellScript = "diff \"${PODS_PODFILE_DIR_PATH}/Podfile.lock\" \"${PODS_ROOT}/Manifest.lock\" > /dev/null\nif [ $? != 0 ] ; then\n    # print error to STDERR\n    echo \"error: The sandbox is not in sync with the Podfile.lock. Run 'pod install' or update your CocoaPods installation.\" >&2\n    exit 1\nfi\n# This output is used by Xcode 'outputs' to avoid re-running this script phase.\necho \"SUCCESS\" > \"${SCRIPT_OUTPUT_FILE_0}\"\n";
			showEnvVarsInLog = 0;
		};
/* End PBXShellScriptBuildPhase section */

/* Begin PBXSourcesBuildPhase section */
		244ACDC02713629C008FD9A8 /* Sources */ = {
			isa = PBXSourcesBuildPhase;
			buildActionMask = 2147483647;
			files = (
				244ACDCC2713629C008FD9A8 /* ViewController.swift in Sources */,
				244ACDC82713629C008FD9A8 /* AppDelegate.swift in Sources */,
				244ACDCA2713629C008FD9A8 /* SceneDelegate.swift in Sources */,
			);
			runOnlyForDeploymentPostprocessing = 0;
		};
/* End PBXSourcesBuildPhase section */

/* Begin PBXVariantGroup section */
		244ACDCD2713629C008FD9A8 /* Main.storyboard */ = {
			isa = PBXVariantGroup;
			children = (
				244ACDCE2713629C008FD9A8 /* Base */,
			);
			name = Main.storyboard;
			sourceTree = "<group>";
		};
		244ACDD22713629D008FD9A8 /* LaunchScreen.storyboard */ = {
			isa = PBXVariantGroup;
			children = (
				244ACDD32713629D008FD9A8 /* Base */,
			);
			name = LaunchScreen.storyboard;
			sourceTree = "<group>";
		};
/* End PBXVariantGroup section */

/* Begin XCBuildConfiguration section */
		244ACDD62713629D008FD9A8 /* Debug */ = {
			isa = XCBuildConfiguration;
			buildSettings = {
				ALWAYS_SEARCH_USER_PATHS = NO;
				CLANG_ANALYZER_NONNULL = YES;
				CLANG_ANALYZER_NUMBER_OBJECT_CONVERSION = YES_AGGRESSIVE;
				CLANG_CXX_LANGUAGE_STANDARD = "gnu++17";
				CLANG_CXX_LIBRARY = "libc++";
				CLANG_ENABLE_MODULES = YES;
				CLANG_ENABLE_OBJC_ARC = YES;
				CLANG_ENABLE_OBJC_WEAK = YES;
				CLANG_WARN_BLOCK_CAPTURE_AUTORELEASING = YES;
				CLANG_WARN_BOOL_CONVERSION = YES;
				CLANG_WARN_COMMA = YES;
				CLANG_WARN_CONSTANT_CONVERSION = YES;
				CLANG_WARN_DEPRECATED_OBJC_IMPLEMENTATIONS = YES;
				CLANG_WARN_DIRECT_OBJC_ISA_USAGE = YES_ERROR;
				CLANG_WARN_DOCUMENTATION_COMMENTS = YES;
				CLANG_WARN_EMPTY_BODY = YES;
				CLANG_WARN_ENUM_CONVERSION = YES;
				CLANG_WARN_INFINITE_RECURSION = YES;
				CLANG_WARN_INT_CONVERSION = YES;
				CLANG_WARN_NON_LITERAL_NULL_CONVERSION = YES;
				CLANG_WARN_OBJC_IMPLICIT_RETAIN_SELF = YES;
				CLANG_WARN_OBJC_LITERAL_CONVERSION = YES;
				CLANG_WARN_OBJC_ROOT_CLASS = YES_ERROR;
				CLANG_WARN_QUOTED_INCLUDE_IN_FRAMEWORK_HEADER = YES;
				CLANG_WARN_RANGE_LOOP_ANALYSIS = YES;
				CLANG_WARN_STRICT_PROTOTYPES = YES;
				CLANG_WARN_SUSPICIOUS_MOVE = YES;
				CLANG_WARN_UNGUARDED_AVAILABILITY = YES_AGGRESSIVE;
				CLANG_WARN_UNREACHABLE_CODE = YES;
				CLANG_WARN__DUPLICATE_METHOD_MATCH = YES;
				COPY_PHASE_STRIP = NO;
				DEBUG_INFORMATION_FORMAT = dwarf;
				ENABLE_STRICT_OBJC_MSGSEND = YES;
				ENABLE_TESTABILITY = YES;
				GCC_C_LANGUAGE_STANDARD = gnu11;
				GCC_DYNAMIC_NO_PIC = NO;
				GCC_NO_COMMON_BLOCKS = YES;
				GCC_OPTIMIZATION_LEVEL = 0;
				GCC_PREPROCESSOR_DEFINITIONS = (
					"DEBUG=1",
					"$(inherited)",
				);
				GCC_WARN_64_TO_32_BIT_CONVERSION = YES;
				GCC_WARN_ABOUT_RETURN_TYPE = YES_ERROR;
				GCC_WARN_UNDECLARED_SELECTOR = YES;
				GCC_WARN_UNINITIALIZED_AUTOS = YES_AGGRESSIVE;
				GCC_WARN_UNUSED_FUNCTION = YES;
				GCC_WARN_UNUSED_VARIABLE = YES;
				IPHONEOS_DEPLOYMENT_TARGET = 15.0;
				MTL_ENABLE_DEBUG_INFO = INCLUDE_SOURCE;
				MTL_FAST_MATH = YES;
				ONLY_ACTIVE_ARCH = YES;
				SDKROOT = iphoneos;
				SWIFT_ACTIVE_COMPILATION_CONDITIONS = DEBUG;
				SWIFT_OPTIMIZATION_LEVEL = "-Onone";
			};
			name = Debug;
		};
		244ACDD72713629D008FD9A8 /* Release */ = {
			isa = XCBuildConfiguration;
			buildSettings = {
				ALWAYS_SEARCH_USER_PATHS = NO;
				CLANG_ANALYZER_NONNULL = YES;
				CLANG_ANALYZER_NUMBER_OBJECT_CONVERSION = YES_AGGRESSIVE;
				CLANG_CXX_LANGUAGE_STANDARD = "gnu++17";
				CLANG_CXX_LIBRARY = "libc++";
				CLANG_ENABLE_MODULES = YES;
				CLANG_ENABLE_OBJC_ARC = YES;
				CLANG_ENABLE_OBJC_WEAK = YES;
				CLANG_WARN_BLOCK_CAPTURE_AUTORELEASING = YES;
				CLANG_WARN_BOOL_CONVERSION = YES;
				CLANG_WARN_COMMA = YES;
				CLANG_WARN_CONSTANT_CONVERSION = YES;
				CLANG_WARN_DEPRECATED_OBJC_IMPLEMENTATIONS = YES;
				CLANG_WARN_DIRECT_OBJC_ISA_USAGE = YES_ERROR;
				CLANG_WARN_DOCUMENTATION_COMMENTS = YES;
				CLANG_WARN_EMPTY_BODY = YES;
				CLANG_WARN_ENUM_CONVERSION = YES;
				CLANG_WARN_INFINITE_RECURSION = YES;
				CLANG_WARN_INT_CONVERSION = YES;
				CLANG_WARN_NON_LITERAL_NULL_CONVERSION = YES;
				CLANG_WARN_OBJC_IMPLICIT_RETAIN_SELF = YES;
				CLANG_WARN_OBJC_LITERAL_CONVERSION = YES;
				CLANG_WARN_OBJC_ROOT_CLASS = YES_ERROR;
				CLANG_WARN_QUOTED_INCLUDE_IN_FRAMEWORK_HEADER = YES;
				CLANG_WARN_RANGE_LOOP_ANALYSIS = YES;
				CLANG_WARN_STRICT_PROTOTYPES = YES;
				CLANG_WARN_SUSPICIOUS_MOVE = YES;
				CLANG_WARN_UNGUARDED_AVAILABILITY = YES_AGGRESSIVE;
				CLANG_WARN_UNREACHABLE_CODE = YES;
				CLANG_WARN__DUPLICATE_METHOD_MATCH = YES;
				COPY_PHASE_STRIP = NO;
				DEBUG_INFORMATION_FORMAT = "dwarf-with-dsym";
				ENABLE_NS_ASSERTIONS = NO;
				ENABLE_STRICT_OBJC_MSGSEND = YES;
				GCC_C_LANGUAGE_STANDARD = gnu11;
				GCC_NO_COMMON_BLOCKS = YES;
				GCC_WARN_64_TO_32_BIT_CONVERSION = YES;
				GCC_WARN_ABOUT_RETURN_TYPE = YES_ERROR;
				GCC_WARN_UNDECLARED_SELECTOR = YES;
				GCC_WARN_UNINITIALIZED_AUTOS = YES_AGGRESSIVE;
				GCC_WARN_UNUSED_FUNCTION = YES;
				GCC_WARN_UNUSED_VARIABLE = YES;
				IPHONEOS_DEPLOYMENT_TARGET = 15.0;
				MTL_ENABLE_DEBUG_INFO = NO;
				MTL_FAST_MATH = YES;
				SDKROOT = iphoneos;
				SWIFT_COMPILATION_MODE = wholemodule;
				SWIFT_OPTIMIZATION_LEVEL = "-O";
				VALIDATE_PRODUCT = YES;
			};
			name = Release;
		};
		244ACDD92713629D008FD9A8 /* Debug */ = {
			isa = XCBuildConfiguration;
			baseConfigurationReference = 35852C6C612B71850D7132CD /* Pods-MeridianBuildFailure.debug.xcconfig */;
			buildSettings = {
				ASSETCATALOG_COMPILER_APPICON_NAME = AppIcon;
				ASSETCATALOG_COMPILER_GLOBAL_ACCENT_COLOR_NAME = AccentColor;
				CODE_SIGN_STYLE = Automatic;
				CURRENT_PROJECT_VERSION = 1;
				DEVELOPMENT_TEAM = H7ATB2ZBVD;
				GENERATE_INFOPLIST_FILE = YES;
				INFOPLIST_FILE = MeridianBuildFailure/Info.plist;
				INFOPLIST_KEY_UIApplicationSupportsIndirectInputEvents = YES;
				INFOPLIST_KEY_UILaunchStoryboardName = LaunchScreen;
				INFOPLIST_KEY_UIMainStoryboardFile = Main;
				INFOPLIST_KEY_UISupportedInterfaceOrientations_iPad = "UIInterfaceOrientationPortrait UIInterfaceOrientationPortraitUpsideDown UIInterfaceOrientationLandscapeLeft UIInterfaceOrientationLandscapeRight";
				INFOPLIST_KEY_UISupportedInterfaceOrientations_iPhone = "UIInterfaceOrientationPortrait UIInterfaceOrientationLandscapeLeft UIInterfaceOrientationLandscapeRight";
				LD_RUNPATH_SEARCH_PATHS = (
					"$(inherited)",
					"@executable_path/Frameworks",
				);
				MARKETING_VERSION = 1.0;
				PRODUCT_BUNDLE_IDENTIFIER = com.ebelinski.MeridianBuildFailure;
				PRODUCT_NAME = "$(TARGET_NAME)";
				SWIFT_EMIT_LOC_STRINGS = YES;
				SWIFT_VERSION = 5.0;
				TARGETED_DEVICE_FAMILY = "1,2";
			};
			name = Debug;
		};
		244ACDDA2713629D008FD9A8 /* Release */ = {
			isa = XCBuildConfiguration;
			baseConfigurationReference = 0774AE1D2A751F7653CED551 /* Pods-MeridianBuildFailure.release.xcconfig */;
			buildSettings = {
				ASSETCATALOG_COMPILER_APPICON_NAME = AppIcon;
				ASSETCATALOG_COMPILER_GLOBAL_ACCENT_COLOR_NAME = AccentColor;
				CODE_SIGN_STYLE = Automatic;
				CURRENT_PROJECT_VERSION = 1;
				DEVELOPMENT_TEAM = H7ATB2ZBVD;
				GENERATE_INFOPLIST_FILE = YES;
				INFOPLIST_FILE = MeridianBuildFailure/Info.plist;
				INFOPLIST_KEY_UIApplicationSupportsIndirectInputEvents = YES;
				INFOPLIST_KEY_UILaunchStoryboardName = LaunchScreen;
				INFOPLIST_KEY_UIMainStoryboardFile = Main;
				INFOPLIST_KEY_UISupportedInterfaceOrientations_iPad = "UIInterfaceOrientationPortrait UIInterfaceOrientationPortraitUpsideDown UIInterfaceOrientationLandscapeLeft UIInterfaceOrientationLandscapeRight";
				INFOPLIST_KEY_UISupportedInterfaceOrientations_iPhone = "UIInterfaceOrientationPortrait UIInterfaceOrientationLandscapeLeft UIInterfaceOrientationLandscapeRight";
				LD_RUNPATH_SEARCH_PATHS = (
					"$(inherited)",
					"@executable_path/Frameworks",
				);
				MARKETING_VERSION = 1.0;
				PRODUCT_BUNDLE_IDENTIFIER = com.ebelinski.MeridianBuildFailure;
				PRODUCT_NAME = "$(TARGET_NAME)";
				SWIFT_EMIT_LOC_STRINGS = YES;
				SWIFT_VERSION = 5.0;
				TARGETED_DEVICE_FAMILY = "1,2";
			};
			name = Release;
		};
/* End XCBuildConfiguration section */

/* Begin XCConfigurationList section */
		244ACDBF2713629C008FD9A8 /* Build configuration list for PBXProject "MeridianBuildFailure" */ = {
			isa = XCConfigurationList;
			buildConfigurations = (
				244ACDD62713629D008FD9A8 /* Debug */,
				244ACDD72713629D008FD9A8 /* Release */,
			);
			defaultConfigurationIsVisible = 0;
			defaultConfigurationName = Release;
		};
		244ACDD82713629D008FD9A8 /* Build configuration list for PBXNativeTarget "MeridianBuildFailure" */ = {
			isa = XCConfigurationList;
			buildConfigurations = (
				244ACDD92713629D008FD9A8 /* Debug */,
				244ACDDA2713629D008FD9A8 /* Release */,
			);
			defaultConfigurationIsVisible = 0;
			defaultConfigurationName = Release;
		};
/* End XCConfigurationList section */

/* Begin XCRemoteSwiftPackageReference section */
		244ACDE127136A0F008FD9A8 /* XCRemoteSwiftPackageReference "Alamofire" */ = {
			isa = XCRemoteSwiftPackageReference;
			repositoryURL = "https://github.com/Alamofire/Alamofire";
			requirement = {
				kind = upToNextMajorVersion;
				minimumVersion = 5.0.0;
			};
		};
/* End XCRemoteSwiftPackageReference section */

/* Begin XCSwiftPackageProductDependency section */
		244ACDE227136A0F008FD9A8 /* Alamofire */ = {
			isa = XCSwiftPackageProductDependency;
			package = 244ACDE127136A0F008FD9A8 /* XCRemoteSwiftPackageReference "Alamofire" */;
			productName = Alamofire;
		};
/* End XCSwiftPackageProductDependency section */
	};
	rootObject = 244ACDBC2713629C008FD9A8 /* Project object */;
}
